
Microsoft Visual Studio Solution File, Format Version 12.00
# Visual Studio Version 17
VisualStudioVersion = 17.2.32630.192
MinimumVisualStudioVersion = 10.0.40219.1
Project("{FAE04EC0-301F-11D3-BF4B-00C04F79EFBC}") = "server.Model", "server.Model\server.Model.csproj", "{4974C53B-E505-4BA4-9770-7D58FD797A3B}"
EndProject
Project("{FAE04EC0-301F-11D3-BF4B-00C04F79EFBC}") = "server.DAL", "server.DAL\server.DAL.csproj", "{7C42499B-571A-4A98-AEE3-2E27C69BC3CE}"
EndProject
Project("{FAE04EC0-301F-11D3-BF4B-00C04F79EFBC}") = "server.Entities", "server.Entities\server.Entities.csproj", "{DBFF8EEF-0B83-4DD3-9B6C-3DFFF160CF0C}"
EndProject
Project("{FAE04EC0-301F-11D3-BF4B-00C04F79EFBC}") = "server.UI", "server.UI\server.UI.csproj", "{0E2AFFC3-623B-4BA5-BF4F-91E800D0EA28}"
EndProject
Project("{9A19103F-16F7-4668-BE54-9A1E7A4F7556}") = "server.MicroService", "server.MicroService\server.MicroService.csproj", "{0B05D49A-7B29-49C9-9041-47F0D618AC65}"
EndProject
Project("{FAE04EC0-301F-11D3-BF4B-00C04F79EFBC}") = "server.Data.Sql", "server.Data.Sql\server.Data.Sql.csproj", "{17B415ED-917F-4859-85A2-FB59AB299118}"
EndProject
Project("{FAE04EC0-301F-11D3-BF4B-00C04F79EFBC}") = "Utilities", "Utilities\Utilities.csproj", "{83B5948C-AD3C-4BE1-80F6-1730F331B566}"
EndProject
Project("{FAE04EC0-301F-11D3-BF4B-00C04F79EFBC}") = "server.WebCommunications", "WebCommunications\server.WebCommunications.csproj", "{E4B79829-CD78-45E8-8277-4852D347FD0A}"
EndProject
Global
	GlobalSection(SolutionConfigurationPlatforms) = preSolution
		Debug|Any CPU = Debug|Any CPU
		Release|Any CPU = Release|Any CPU
	EndGlobalSection
	GlobalSection(ProjectConfigurationPlatforms) = postSolution
		{4974C53B-E505-4BA4-9770-7D58FD797A3B}.Debug|Any CPU.ActiveCfg = Debug|Any CPU
		{4974C53B-E505-4BA4-9770-7D58FD797A3B}.Debug|Any CPU.Build.0 = Debug|Any CPU
		{4974C53B-E505-4BA4-9770-7D58FD797A3B}.Release|Any CPU.ActiveCfg = Release|Any CPU
		{4974C53B-E505-4BA4-9770-7D58FD797A3B}.Release|Any CPU.Build.0 = Release|Any CPU
		{7C42499B-571A-4A98-AEE3-2E27C69BC3CE}.Debug|Any CPU.ActiveCfg = Debug|Any CPU
		{7C42499B-571A-4A98-AEE3-2E27C69BC3CE}.Debug|Any CPU.Build.0 = Debug|Any CPU
		{7C42499B-571A-4A98-AEE3-2E27C69BC3CE}.Release|Any CPU.ActiveCfg = Release|Any CPU
		{7C42499B-571A-4A98-AEE3-2E27C69BC3CE}.Release|Any CPU.Build.0 = Release|Any CPU
		{DBFF8EEF-0B83-4DD3-9B6C-3DFFF160CF0C}.Debug|Any CPU.ActiveCfg = Debug|Any CPU
		{DBFF8EEF-0B83-4DD3-9B6C-3DFFF160CF0C}.Debug|Any CPU.Build.0 = Debug|Any CPU
		{DBFF8EEF-0B83-4DD3-9B6C-3DFFF160CF0C}.Release|Any CPU.ActiveCfg = Release|Any CPU
		{DBFF8EEF-0B83-4DD3-9B6C-3DFFF160CF0C}.Release|Any CPU.Build.0 = Release|Any CPU
		{0E2AFFC3-623B-4BA5-BF4F-91E800D0EA28}.Debug|Any CPU.ActiveCfg = Debug|Any CPU
		{0E2AFFC3-623B-4BA5-BF4F-91E800D0EA28}.Debug|Any CPU.Build.0 = Debug|Any CPU
		{0E2AFFC3-623B-4BA5-BF4F-91E800D0EA28}.Release|Any CPU.ActiveCfg = Release|Any CPU
		{0E2AFFC3-623B-4BA5-BF4F-91E800D0EA28}.Release|Any CPU.Build.0 = Release|Any CPU
		{0B05D49A-7B29-49C9-9041-47F0D618AC65}.Debug|Any CPU.ActiveCfg = Debug|Any CPU
		{0B05D49A-7B29-49C9-9041-47F0D618AC65}.Debug|Any CPU.Build.0 = Debug|Any CPU
		{0B05D49A-7B29-49C9-9041-47F0D618AC65}.Release|Any CPU.ActiveCfg = Release|Any CPU
		{0B05D49A-7B29-49C9-9041-47F0D618AC65}.Release|Any CPU.Build.0 = Release|Any CPU
		{17B415ED-917F-4859-85A2-FB59AB299118}.Debug|Any CPU.ActiveCfg = Debug|Any CPU
		{17B415ED-917F-4859-85A2-FB59AB299118}.Debug|Any CPU.Build.0 = Debug|Any CPU
		{17B415ED-917F-4859-85A2-FB59AB299118}.Release|Any CPU.ActiveCfg = Release|Any CPU
		{17B415ED-917F-4859-85A2-FB59AB299118}.Release|Any CPU.Build.0 = Release|Any CPU
		{83B5948C-AD3C-4BE1-80F6-1730F331B566}.Debug|Any CPU.ActiveCfg = Debug|Any CPU
		{83B5948C-AD3C-4BE1-80F6-1730F331B566}.Debug|Any CPU.Build.0 = Debug|Any CPU
		{83B5948C-AD3C-4BE1-80F6-1730F331B566}.Release|Any CPU.ActiveCfg = Release|Any CPU
		{83B5948C-AD3C-4BE1-80F6-1730F331B566}.Release|Any CPU.Build.0 = Release|Any CPU
		{E4B79829-CD78-45E8-8277-4852D347FD0A}.Debug|Any CPU.ActiveCfg = Debug|Any CPU
		{E4B79829-CD78-45E8-8277-4852D347FD0A}.Debug|Any CPU.Build.0 = Debug|Any CPU
		{E4B79829-CD78-45E8-8277-4852D347FD0A}.Release|Any CPU.ActiveCfg = Release|Any CPU
		{E4B79829-CD78-45E8-8277-4852D347FD0A}.Release|Any CPU.Build.0 = Release|Any CPU
	EndGlobalSection
	GlobalSection(SolutionProperties) = preSolution
		HideSolutionNode = FALSE
	EndGlobalSection
	GlobalSection(ExtensibilityGlobals) = postSolution
		SolutionGuid = {AE04A677-1859-4B47-9F5D-BF11BA7914F9}
	EndGlobalSection
EndGlobal
